
Microsoft Visual Studio Solution File, Format Version 12.00
# Visual Studio Version 16
VisualStudioVersion = 16.0.30621.155
MinimumVisualStudioVersion = 10.0.40219.1
Project("{FAE04EC0-301F-11D3-BF4B-00C04F79EFBC}") = "VsExport", "VsExport\VsExport.csproj", "{4A865464-0646-470D-BF18-E8D18FB8FAFA}"
EndProject
Project("{FAE04EC0-301F-11D3-BF4B-00C04F79EFBC}") = "VsExport.Tests", "VsExport.Tests\VsExport.Tests.csproj", "{1C5715D3-7F35-4622-B636-494B2D781EE5}"
EndProject
Global
	GlobalSection(SolutionConfigurationPlatforms) = preSolution
		Debug|Any CPU = Debug|Any CPU
		Release|Any CPU = Release|Any CPU
	EndGlobalSection
	GlobalSection(ProjectConfigurationPlatforms) = postSolution
		{4A865464-0646-470D-BF18-E8D18FB8FAFA}.Debug|Any CPU.ActiveCfg = Debug|Any CPU
		{4A865464-0646-470D-BF18-E8D18FB8FAFA}.Debug|Any CPU.Build.0 = Debug|Any CPU
		{4A865464-0646-470D-BF18-E8D18FB8FAFA}.Release|Any CPU.ActiveCfg = Release|Any CPU
		{4A865464-0646-470D-BF18-E8D18FB8FAFA}.Release|Any CPU.Build.0 = Release|Any CPU
		{1C5715D3-7F35-4622-B636-494B2D781EE5}.Debug|Any CPU.ActiveCfg = Debug|Any CPU
		{1C5715D3-7F35-4622-B636-494B2D781EE5}.Debug|Any CPU.Build.0 = Debug|Any CPU
		{1C5715D3-7F35-4622-B636-494B2D781EE5}.Release|Any CPU.ActiveCfg = Release|Any CPU
		{1C5715D3-7F35-4622-B636-494B2D781EE5}.Release|Any CPU.Build.0 = Release|Any CPU
	EndGlobalSection
	GlobalSection(SolutionProperties) = preSolution
		HideSolutionNode = FALSE
	EndGlobalSection
	GlobalSection(ExtensibilityGlobals) = postSolution
		SolutionGuid = {6C2582BE-52D1-43D2-AD29-C3BC1A26A1B0}
	EndGlobalSection
EndGlobal
